
Microsoft Visual Studio Solution File, Format Version 12.00
# Visual Studio 15
VisualStudioVersion = 15.0.28307.1209
MinimumVisualStudioVersion = 10.0.40219.1
Project("{FAE04EC0-301F-11D3-BF4B-00C04F79EFBC}") = "Model", "CyberIndigoAssignment\Model.csproj", "{E5F801CE-6B1F-4CD2-A137-A4E276ADD0CD}"
EndProject
Project("{FAE04EC0-301F-11D3-BF4B-00C04F79EFBC}") = "Repository", "Repository\Repository.csproj", "{4CEB4CE1-047F-40C8-ADE6-FBF4333142A1}"
EndProject
Project("{FAE04EC0-301F-11D3-BF4B-00C04F79EFBC}") = "WebApi", "WebApplication1\WebApi.csproj", "{AB5F288B-BB58-4C52-A553-02D0A340B9D4}"
EndProject
Project("{FAE04EC0-301F-11D3-BF4B-00C04F79EFBC}") = "Manager", "Manager\Manager.csproj", "{13A283E7-94D0-4F11-8D1A-153A53327D02}"
EndProject
Project("{FAE04EC0-301F-11D3-BF4B-00C04F79EFBC}") = "CyberIndigoAssignmentUI", "CyberIndigoAssignmentUI\CyberIndigoAssignmentUI.csproj", "{761235F2-F73E-4124-AC99-335B48479B98}"
EndProject
Global
	GlobalSection(SolutionConfigurationPlatforms) = preSolution
		Debug|Any CPU = Debug|Any CPU
		Release|Any CPU = Release|Any CPU
	EndGlobalSection
	GlobalSection(ProjectConfigurationPlatforms) = postSolution
		{E5F801CE-6B1F-4CD2-A137-A4E276ADD0CD}.Debug|Any CPU.ActiveCfg = Debug|Any CPU
		{E5F801CE-6B1F-4CD2-A137-A4E276ADD0CD}.Debug|Any CPU.Build.0 = Debug|Any CPU
		{E5F801CE-6B1F-4CD2-A137-A4E276ADD0CD}.Release|Any CPU.ActiveCfg = Release|Any CPU
		{E5F801CE-6B1F-4CD2-A137-A4E276ADD0CD}.Release|Any CPU.Build.0 = Release|Any CPU
		{4CEB4CE1-047F-40C8-ADE6-FBF4333142A1}.Debug|Any CPU.ActiveCfg = Debug|Any CPU
		{4CEB4CE1-047F-40C8-ADE6-FBF4333142A1}.Debug|Any CPU.Build.0 = Debug|Any CPU
		{4CEB4CE1-047F-40C8-ADE6-FBF4333142A1}.Release|Any CPU.ActiveCfg = Release|Any CPU
		{4CEB4CE1-047F-40C8-ADE6-FBF4333142A1}.Release|Any CPU.Build.0 = Release|Any CPU
		{AB5F288B-BB58-4C52-A553-02D0A340B9D4}.Debug|Any CPU.ActiveCfg = Debug|Any CPU
		{AB5F288B-BB58-4C52-A553-02D0A340B9D4}.Debug|Any CPU.Build.0 = Debug|Any CPU
		{AB5F288B-BB58-4C52-A553-02D0A340B9D4}.Release|Any CPU.ActiveCfg = Release|Any CPU
		{AB5F288B-BB58-4C52-A553-02D0A340B9D4}.Release|Any CPU.Build.0 = Release|Any CPU
		{13A283E7-94D0-4F11-8D1A-153A53327D02}.Debug|Any CPU.ActiveCfg = Debug|Any CPU
		{13A283E7-94D0-4F11-8D1A-153A53327D02}.Debug|Any CPU.Build.0 = Debug|Any CPU
		{13A283E7-94D0-4F11-8D1A-153A53327D02}.Release|Any CPU.ActiveCfg = Release|Any CPU
		{13A283E7-94D0-4F11-8D1A-153A53327D02}.Release|Any CPU.Build.0 = Release|Any CPU
		{761235F2-F73E-4124-AC99-335B48479B98}.Debug|Any CPU.ActiveCfg = Debug|Any CPU
		{761235F2-F73E-4124-AC99-335B48479B98}.Debug|Any CPU.Build.0 = Debug|Any CPU
		{761235F2-F73E-4124-AC99-335B48479B98}.Release|Any CPU.ActiveCfg = Release|Any CPU
		{761235F2-F73E-4124-AC99-335B48479B98}.Release|Any CPU.Build.0 = Release|Any CPU
	EndGlobalSection
	GlobalSection(SolutionProperties) = preSolution
		HideSolutionNode = FALSE
	EndGlobalSection
	GlobalSection(ExtensibilityGlobals) = postSolution
		SolutionGuid = {0E2C2771-AE46-46CB-A811-2585B46C4FFA}
	EndGlobalSection
EndGlobal
